schema: '2.0'
stages:
  data_ingestion:
    cmd: python src/data_ingestion.py
    deps:
    - path: src/data_ingestion.py
      hash: md5
      md5: 47eee37069ff29517f9c2761e21cf0c8
      size: 3682
    params:
      params.yaml:
        data_ingestion.test_size: 0.25
    outs:
    - path: data/raw
      hash: md5
      md5: 6e49887ad9a776ba9e579d4809ad1ac2.dir
      size: 1231168
      nfiles: 2
  data_preprocessing:
    cmd: python src/data_preprocessing.py
    deps:
    - path: data/raw
      hash: md5
      md5: 6e49887ad9a776ba9e579d4809ad1ac2.dir
      size: 1231168
      nfiles: 2
    - path: src/data_preprocessing.py
      hash: md5
      md5: 449669f2172512aab39a1a85d514ccdf
      size: 4151
    outs:
    - path: data/processed
      hash: md5
      md5: 8e62b0d2ad366eadee460d74921fc1dd.dir
      size: 662297
      nfiles: 2
  feature_engineering:
    cmd: python src/feature_engineering.py
    deps:
    - path: data/processed
      hash: md5
      md5: 8e62b0d2ad366eadee460d74921fc1dd.dir
      size: 662297
      nfiles: 2
    - path: src/feature_engineering.py
      hash: md5
      md5: 3a74a664e0142c6049d2ae1c34b1ddda
      size: 3870
    params:
      params.yaml:
        feature_engineering.max_features: 200
    outs:
    - path: data/feature_trans
      hash: md5
      md5: 31cda89a734d3d754b0e4d5cb67937f5.dir
      size: 8287616
      nfiles: 2
  model_building:
    cmd: python src/model_building.py
    deps:
    - path: data/feature_trans
      hash: md5
      md5: 31cda89a734d3d754b0e4d5cb67937f5.dir
      size: 8287616
      nfiles: 2
    - path: src/model_building.py
      hash: md5
      md5: 038a9a57c002a2cc17df91f0d2ad9282
      size: 3794
    params:
      params.yaml:
        model_building.n_estimators: 80
        model_building.random_state: 42
    outs:
    - path: model/model.pkl
      hash: md5
      md5: 9779adda4a45191355d9975d04a4cedd
      size: 384187
  model_evaluation:
    cmd: python src/model_evaluation.py
    deps:
    - path: data/feature_trans
      hash: md5
      md5: 31cda89a734d3d754b0e4d5cb67937f5.dir
      size: 8287616
      nfiles: 2
    - path: model/model.pkl
      hash: md5
      md5: 9779adda4a45191355d9975d04a4cedd
      size: 384187
    - path: src/model_evaluation.py
      hash: md5
      md5: 481051d1f490fdaa84adeb3f0ecc216e
      size: 4379
    outs:
    - path: reports/metrics.json
      hash: md5
      md5: 0a5d4b11eed45ee7d33f08626c8c04f5
      size: 110
