schema: '2.0'
stages:
  data_ingestion:
    cmd: python src/data_ingestion.py
    deps:
    - path: src/data_ingestion.py
      hash: md5
      md5: 47eee37069ff29517f9c2761e21cf0c8
      size: 3682
    params:
      params.yaml:
        data_ingestion.test_size: 0.15
    outs:
    - path: data/raw
      hash: md5
      md5: 459d4b7d219286bc79f4a5c9f09344bd.dir
      size: 1231168
      nfiles: 2
  data_preprocessing:
    cmd: python src/data_preprocessing.py
    deps:
    - path: data/raw
      hash: md5
      md5: 459d4b7d219286bc79f4a5c9f09344bd.dir
      size: 1231168
      nfiles: 2
    - path: src/data_preprocessing.py
      hash: md5
      md5: 449669f2172512aab39a1a85d514ccdf
      size: 4151
    outs:
    - path: data/processed
      hash: md5
      md5: a2172ad2b4633218b16af1772af107b5.dir
      size: 661934
      nfiles: 2
  feature_engineering:
    cmd: python src/feature_engineering.py
    deps:
    - path: data/processed
      hash: md5
      md5: a2172ad2b4633218b16af1772af107b5.dir
      size: 661934
      nfiles: 2
    - path: src/feature_engineering.py
      hash: md5
      md5: 3a74a664e0142c6049d2ae1c34b1ddda
      size: 3870
    params:
      params.yaml:
        feature_engineering.max_features: 150
    outs:
    - path: data/feature_trans
      hash: md5
      md5: 4d4e06f2fad94912d83857814b21e432.dir
      size: 6410732
      nfiles: 2
  model_building:
    cmd: python src/model_building.py
    deps:
    - path: data/feature_trans
      hash: md5
      md5: 4d4e06f2fad94912d83857814b21e432.dir
      size: 6410732
      nfiles: 2
    - path: src/model_building.py
      hash: md5
      md5: 038a9a57c002a2cc17df91f0d2ad9282
      size: 3794
    params:
      params.yaml:
        model_building.n_estimators: 40
        model_building.random_state: 42
    outs:
    - path: model/model.pkl
      hash: md5
      md5: 7b2f4fc55164498911c93599333c9df8
      size: 201335
  model_evaluation:
    cmd: python src/model_evaluation.py
    deps:
    - path: data/feature_trans
      hash: md5
      md5: 4d4e06f2fad94912d83857814b21e432.dir
      size: 6410732
      nfiles: 2
    - path: model/model.pkl
      hash: md5
      md5: 7b2f4fc55164498911c93599333c9df8
      size: 201335
    - path: src/model_evaluation.py
      hash: md5
      md5: f4301a432ab0bb5040b7c4331ec54ade
      size: 3445
    outs:
    - path: reports/metrics.json
      hash: md5
      md5: 881997a7934a0c2128421f3d97f25d3a
      size: 110
